{
  "requires": true,
  "lockfileVersion": 1,
  "dependencies": {
    "@openapitools/openapi-generator-cli": {
      "version": "1.0.15-4.3.1",
      "resolved": "https://registry.npmjs.org/@openapitools/openapi-generator-cli/-/openapi-generator-cli-1.0.15-4.3.1.tgz",
      "integrity": "sha512-U+sanspDmeBElVNjYHQ4U7BbSEJUQzjNKmiTzXpcEw/r93sgxmzS2Sew5t+Zj6kyN1YTvjhRjJikNcW9/bmTKA=="
    }
  }
}
